
Microsoft Visual Studio Solution File, Format Version 12.00
# Visual Studio 15
VisualStudioVersion = 15.0.27004.2010
MinimumVisualStudioVersion = 10.0.40219.1
Project("{FAE04EC0-301F-11D3-BF4B-00C04F79EFBC}") = "ThePodcastReview.Web", "ThePodcastReview.Web\ThePodcastReview.Web.csproj", "{C629289C-5EA2-478D-9EC3-9F38245E1771}"
EndProject
Project("{FAE04EC0-301F-11D3-BF4B-00C04F79EFBC}") = "ThePodcastReview.Services", "ThePodcastReview.Services\ThePodcastReview.Services.csproj", "{08149F0A-304C-41A3-A591-7147E139C4CD}"
EndProject
Project("{FAE04EC0-301F-11D3-BF4B-00C04F79EFBC}") = "ThePodcastReview.Models", "ThePodcastReview.Models\ThePodcastReview.Models.csproj", "{899B5EFD-FA85-4F15-A809-69EC6A3BAA7A}"
EndProject
Project("{FAE04EC0-301F-11D3-BF4B-00C04F79EFBC}") = "ThePodcastReview.Data", "ThePodcastReview.Data\ThePodcastReview.Data.csproj", "{FC68CF17-0DCC-42D8-BF73-E25A7A743407}"
EndProject
Project("{FAE04EC0-301F-11D3-BF4B-00C04F79EFBC}") = "ThePodcastReview.Contracts", "ThePodcastReview.Contracts\ThePodcastReview.Contracts.csproj", "{0CAD7122-95E9-4C80-BD54-AD4BC0613B81}"
EndProject
Project("{FAE04EC0-301F-11D3-BF4B-00C04F79EFBC}") = "ThePodcastReview.Web.Tests", "ThePodcastReview.Web.Tests\ThePodcastReview.Web.Tests.csproj", "{59745754-D316-4FCF-9E3F-F3476AE2523C}"
EndProject
Project("{FAE04EC0-301F-11D3-BF4B-00C04F79EFBC}") = "ThePodcastReview.WebAPI", "ThePodcastReview.WebAPI\ThePodcastReview.WebAPI.csproj", "{B325B1B8-986C-4376-AFE0-708E258AE07D}"
EndProject
Project("{2150E333-8FDC-42A3-9474-1A3956D46DE8}") = "ThePodcastReview.Wireframes", "ThePodcastReview.Wireframes", "{412A795E-4261-4C8E-933F-75938B985579}"
EndProject
Project("{2150E333-8FDC-42A3-9474-1A3956D46DE8}") = "Sketch", "Sketch", "{501CC0EA-4835-4B7C-9491-378C2F648965}"
	ProjectSection(SolutionItems) = preProject
		..\..\Users\bethD\Desktop\Podcast Review Project\Sketch\Details.png = ..\..\Users\bethD\Desktop\Podcast Review Project\Sketch\Details.png
	EndProjectSection
EndProject
Project("{2150E333-8FDC-42A3-9474-1A3956D46DE8}") = "Balsamiq", "Balsamiq", "{CAE2741D-45EA-41F2-A599-8561C208A501}"
	ProjectSection(SolutionItems) = preProject
		..\..\Users\bethD\Desktop\Podcast Review Project\Balsamiq\Create.png = ..\..\Users\bethD\Desktop\Podcast Review Project\Balsamiq\Create.png
		..\..\Users\bethD\Desktop\Podcast Review Project\Balsamiq\Home.png = ..\..\Users\bethD\Desktop\Podcast Review Project\Balsamiq\Home.png
		..\..\Users\bethD\Desktop\Podcast Review Project\Balsamiq\List.png = ..\..\Users\bethD\Desktop\Podcast Review Project\Balsamiq\List.png
		..\..\Users\bethD\Desktop\Podcast Review Project\Balsamiq\Read.png = ..\..\Users\bethD\Desktop\Podcast Review Project\Balsamiq\Read.png
	EndProjectSection
EndProject
Project("{FAE04EC0-301F-11D3-BF4B-00C04F79EFBC}") = "ThePodcastReview.SQL", "ThePodcastReview.SQL\ThePodcastReview.SQL.csproj", "{DAAC675D-79EB-4EA0-89B0-FD9B30855C69}"
EndProject
Global
	GlobalSection(SolutionConfigurationPlatforms) = preSolution
		Debug|Any CPU = Debug|Any CPU
		Release|Any CPU = Release|Any CPU
	EndGlobalSection
	GlobalSection(ProjectConfigurationPlatforms) = postSolution
		{C629289C-5EA2-478D-9EC3-9F38245E1771}.Debug|Any CPU.ActiveCfg = Debug|Any CPU
		{C629289C-5EA2-478D-9EC3-9F38245E1771}.Debug|Any CPU.Build.0 = Debug|Any CPU
		{C629289C-5EA2-478D-9EC3-9F38245E1771}.Release|Any CPU.ActiveCfg = Release|Any CPU
		{C629289C-5EA2-478D-9EC3-9F38245E1771}.Release|Any CPU.Build.0 = Release|Any CPU
		{08149F0A-304C-41A3-A591-7147E139C4CD}.Debug|Any CPU.ActiveCfg = Debug|Any CPU
		{08149F0A-304C-41A3-A591-7147E139C4CD}.Debug|Any CPU.Build.0 = Debug|Any CPU
		{08149F0A-304C-41A3-A591-7147E139C4CD}.Release|Any CPU.ActiveCfg = Release|Any CPU
		{08149F0A-304C-41A3-A591-7147E139C4CD}.Release|Any CPU.Build.0 = Release|Any CPU
		{899B5EFD-FA85-4F15-A809-69EC6A3BAA7A}.Debug|Any CPU.ActiveCfg = Debug|Any CPU
		{899B5EFD-FA85-4F15-A809-69EC6A3BAA7A}.Debug|Any CPU.Build.0 = Debug|Any CPU
		{899B5EFD-FA85-4F15-A809-69EC6A3BAA7A}.Release|Any CPU.ActiveCfg = Release|Any CPU
		{899B5EFD-FA85-4F15-A809-69EC6A3BAA7A}.Release|Any CPU.Build.0 = Release|Any CPU
		{FC68CF17-0DCC-42D8-BF73-E25A7A743407}.Debug|Any CPU.ActiveCfg = Debug|Any CPU
		{FC68CF17-0DCC-42D8-BF73-E25A7A743407}.Debug|Any CPU.Build.0 = Debug|Any CPU
		{FC68CF17-0DCC-42D8-BF73-E25A7A743407}.Release|Any CPU.ActiveCfg = Release|Any CPU
		{FC68CF17-0DCC-42D8-BF73-E25A7A743407}.Release|Any CPU.Build.0 = Release|Any CPU
		{0CAD7122-95E9-4C80-BD54-AD4BC0613B81}.Debug|Any CPU.ActiveCfg = Debug|Any CPU
		{0CAD7122-95E9-4C80-BD54-AD4BC0613B81}.Debug|Any CPU.Build.0 = Debug|Any CPU
		{0CAD7122-95E9-4C80-BD54-AD4BC0613B81}.Release|Any CPU.ActiveCfg = Release|Any CPU
		{0CAD7122-95E9-4C80-BD54-AD4BC0613B81}.Release|Any CPU.Build.0 = Release|Any CPU
		{59745754-D316-4FCF-9E3F-F3476AE2523C}.Debug|Any CPU.ActiveCfg = Debug|Any CPU
		{59745754-D316-4FCF-9E3F-F3476AE2523C}.Debug|Any CPU.Build.0 = Debug|Any CPU
		{59745754-D316-4FCF-9E3F-F3476AE2523C}.Release|Any CPU.ActiveCfg = Release|Any CPU
		{59745754-D316-4FCF-9E3F-F3476AE2523C}.Release|Any CPU.Build.0 = Release|Any CPU
		{B325B1B8-986C-4376-AFE0-708E258AE07D}.Debug|Any CPU.ActiveCfg = Debug|Any CPU
		{B325B1B8-986C-4376-AFE0-708E258AE07D}.Debug|Any CPU.Build.0 = Debug|Any CPU
		{B325B1B8-986C-4376-AFE0-708E258AE07D}.Release|Any CPU.ActiveCfg = Release|Any CPU
		{B325B1B8-986C-4376-AFE0-708E258AE07D}.Release|Any CPU.Build.0 = Release|Any CPU
		{DAAC675D-79EB-4EA0-89B0-FD9B30855C69}.Debug|Any CPU.ActiveCfg = Debug|Any CPU
		{DAAC675D-79EB-4EA0-89B0-FD9B30855C69}.Debug|Any CPU.Build.0 = Debug|Any CPU
		{DAAC675D-79EB-4EA0-89B0-FD9B30855C69}.Release|Any CPU.ActiveCfg = Release|Any CPU
		{DAAC675D-79EB-4EA0-89B0-FD9B30855C69}.Release|Any CPU.Build.0 = Release|Any CPU
	EndGlobalSection
	GlobalSection(SolutionProperties) = preSolution
		HideSolutionNode = FALSE
	EndGlobalSection
	GlobalSection(NestedProjects) = preSolution
		{501CC0EA-4835-4B7C-9491-378C2F648965} = {412A795E-4261-4C8E-933F-75938B985579}
		{CAE2741D-45EA-41F2-A599-8561C208A501} = {412A795E-4261-4C8E-933F-75938B985579}
	EndGlobalSection
	GlobalSection(ExtensibilityGlobals) = postSolution
		SolutionGuid = {468444D3-9FCA-49F8-AF97-05C48CA5E9B5}
	EndGlobalSection
EndGlobal
