
Microsoft Visual Studio Solution File, Format Version 12.00
# Visual Studio 15
VisualStudioVersion = 15.0.27004.2010
MinimumVisualStudioVersion = 10.0.40219.1
Project("{FAE04EC0-301F-11D3-BF4B-00C04F79EFBC}") = "ThePodcastReview.Web", "ThePodcastReview.Web\ThePodcastReview.Web.csproj", "{C629289C-5EA2-478D-9EC3-9F38245E1771}"
EndProject
Project("{FAE04EC0-301F-11D3-BF4B-00C04F79EFBC}") = "ThePodcastReview.Services", "ThePodcastReview.Services\ThePodcastReview.Services.csproj", "{08149F0A-304C-41A3-A591-7147E139C4CD}"
EndProject
Project("{FAE04EC0-301F-11D3-BF4B-00C04F79EFBC}") = "ThePodcastReview.Models", "ThePodcastReview.Models\ThePodcastReview.Models.csproj", "{899B5EFD-FA85-4F15-A809-69EC6A3BAA7A}"
EndProject
Project("{FAE04EC0-301F-11D3-BF4B-00C04F79EFBC}") = "ThePodcastLibrary.Data", "ThePodcastLibrary.Data\ThePodcastLibrary.Data.csproj", "{32EF80A7-7D74-48D0-A177-95B1FD87134C}"
EndProject
Global
	GlobalSection(SolutionConfigurationPlatforms) = preSolution
		Debug|Any CPU = Debug|Any CPU
		Release|Any CPU = Release|Any CPU
	EndGlobalSection
	GlobalSection(ProjectConfigurationPlatforms) = postSolution
		{C629289C-5EA2-478D-9EC3-9F38245E1771}.Debug|Any CPU.ActiveCfg = Debug|Any CPU
		{C629289C-5EA2-478D-9EC3-9F38245E1771}.Debug|Any CPU.Build.0 = Debug|Any CPU
		{C629289C-5EA2-478D-9EC3-9F38245E1771}.Release|Any CPU.ActiveCfg = Release|Any CPU
		{C629289C-5EA2-478D-9EC3-9F38245E1771}.Release|Any CPU.Build.0 = Release|Any CPU
		{08149F0A-304C-41A3-A591-7147E139C4CD}.Debug|Any CPU.ActiveCfg = Debug|Any CPU
		{08149F0A-304C-41A3-A591-7147E139C4CD}.Debug|Any CPU.Build.0 = Debug|Any CPU
		{08149F0A-304C-41A3-A591-7147E139C4CD}.Release|Any CPU.ActiveCfg = Release|Any CPU
		{08149F0A-304C-41A3-A591-7147E139C4CD}.Release|Any CPU.Build.0 = Release|Any CPU
		{899B5EFD-FA85-4F15-A809-69EC6A3BAA7A}.Debug|Any CPU.ActiveCfg = Debug|Any CPU
		{899B5EFD-FA85-4F15-A809-69EC6A3BAA7A}.Debug|Any CPU.Build.0 = Debug|Any CPU
		{899B5EFD-FA85-4F15-A809-69EC6A3BAA7A}.Release|Any CPU.ActiveCfg = Release|Any CPU
		{899B5EFD-FA85-4F15-A809-69EC6A3BAA7A}.Release|Any CPU.Build.0 = Release|Any CPU
		{32EF80A7-7D74-48D0-A177-95B1FD87134C}.Debug|Any CPU.ActiveCfg = Debug|Any CPU
		{32EF80A7-7D74-48D0-A177-95B1FD87134C}.Debug|Any CPU.Build.0 = Debug|Any CPU
		{32EF80A7-7D74-48D0-A177-95B1FD87134C}.Release|Any CPU.ActiveCfg = Release|Any CPU
		{32EF80A7-7D74-48D0-A177-95B1FD87134C}.Release|Any CPU.Build.0 = Release|Any CPU
	EndGlobalSection
	GlobalSection(SolutionProperties) = preSolution
		HideSolutionNode = FALSE
	EndGlobalSection
	GlobalSection(ExtensibilityGlobals) = postSolution
		SolutionGuid = {468444D3-9FCA-49F8-AF97-05C48CA5E9B5}
	EndGlobalSection
EndGlobal
